
Microsoft Visual Studio Solution File, Format Version 12.00
# Visual Studio 15
VisualStudioVersion = 15.0.27703.2042
MinimumVisualStudioVersion = 10.0.40219.1
Project("{FAE04EC0-301F-11D3-BF4B-00C04F79EFBC}") = "AgeTesting", "AgeTesting\AgeTesting.csproj", "{AB112B84-C715-40BC-94FA-52C3EDC73664}"
EndProject
Global
	GlobalSection(SolutionConfigurationPlatforms) = preSolution
		Debug|Any CPU = Debug|Any CPU
		Release|Any CPU = Release|Any CPU
	EndGlobalSection
	GlobalSection(ProjectConfigurationPlatforms) = postSolution
		{AB112B84-C715-40BC-94FA-52C3EDC73664}.Debug|Any CPU.ActiveCfg = Debug|Any CPU
		{AB112B84-C715-40BC-94FA-52C3EDC73664}.Debug|Any CPU.Build.0 = Debug|Any CPU
		{AB112B84-C715-40BC-94FA-52C3EDC73664}.Release|Any CPU.ActiveCfg = Release|Any CPU
		{AB112B84-C715-40BC-94FA-52C3EDC73664}.Release|Any CPU.Build.0 = Release|Any CPU
	EndGlobalSection
	GlobalSection(SolutionProperties) = preSolution
		HideSolutionNode = FALSE
	EndGlobalSection
	GlobalSection(ExtensibilityGlobals) = postSolution
		SolutionGuid = {33C613CF-BB4C-4E86-B73E-8F5D95E8E411}
	EndGlobalSection
EndGlobal
