
Microsoft Visual Studio Solution File, Format Version 12.00
# Visual Studio 15
VisualStudioVersion = 15.0.27703.2042
MinimumVisualStudioVersion = 10.0.40219.1
Project("{FAE04EC0-301F-11D3-BF4B-00C04F79EFBC}") = "SwitchTesting", "SwitchTesting\SwitchTesting.csproj", "{934BFA93-16D3-47E6-A373-37D450405007}"
EndProject
Global
	GlobalSection(SolutionConfigurationPlatforms) = preSolution
		Debug|Any CPU = Debug|Any CPU
		Release|Any CPU = Release|Any CPU
	EndGlobalSection
	GlobalSection(ProjectConfigurationPlatforms) = postSolution
		{934BFA93-16D3-47E6-A373-37D450405007}.Debug|Any CPU.ActiveCfg = Debug|Any CPU
		{934BFA93-16D3-47E6-A373-37D450405007}.Debug|Any CPU.Build.0 = Debug|Any CPU
		{934BFA93-16D3-47E6-A373-37D450405007}.Release|Any CPU.ActiveCfg = Release|Any CPU
		{934BFA93-16D3-47E6-A373-37D450405007}.Release|Any CPU.Build.0 = Release|Any CPU
	EndGlobalSection
	GlobalSection(SolutionProperties) = preSolution
		HideSolutionNode = FALSE
	EndGlobalSection
	GlobalSection(ExtensibilityGlobals) = postSolution
		SolutionGuid = {D8F45A8F-2544-42E4-B0D4-0EF525228EEF}
	EndGlobalSection
EndGlobal
