
Microsoft Visual Studio Solution File, Format Version 12.00
# Visual Studio 15
VisualStudioVersion = 15.0.27703.2042
MinimumVisualStudioVersion = 10.0.40219.1
Project("{FAE04EC0-301F-11D3-BF4B-00C04F79EFBC}") = "Ages", "Ages\Ages.csproj", "{27279E9C-6294-40FE-8FA7-5CAA80534D38}"
EndProject
Global
	GlobalSection(SolutionConfigurationPlatforms) = preSolution
		Debug|Any CPU = Debug|Any CPU
		Release|Any CPU = Release|Any CPU
	EndGlobalSection
	GlobalSection(ProjectConfigurationPlatforms) = postSolution
		{27279E9C-6294-40FE-8FA7-5CAA80534D38}.Debug|Any CPU.ActiveCfg = Debug|Any CPU
		{27279E9C-6294-40FE-8FA7-5CAA80534D38}.Debug|Any CPU.Build.0 = Debug|Any CPU
		{27279E9C-6294-40FE-8FA7-5CAA80534D38}.Release|Any CPU.ActiveCfg = Release|Any CPU
		{27279E9C-6294-40FE-8FA7-5CAA80534D38}.Release|Any CPU.Build.0 = Release|Any CPU
	EndGlobalSection
	GlobalSection(SolutionProperties) = preSolution
		HideSolutionNode = FALSE
	EndGlobalSection
	GlobalSection(ExtensibilityGlobals) = postSolution
		SolutionGuid = {1A0EF7B1-6B01-478A-BCA2-571EB30F7204}
	EndGlobalSection
EndGlobal
