
Microsoft Visual Studio Solution File, Format Version 12.00
# Visual Studio 15
VisualStudioVersion = 15.0.28010.2019
MinimumVisualStudioVersion = 10.0.40219.1
Project("{FAE04EC0-301F-11D3-BF4B-00C04F79EFBC}") = "7.29", "7.29\7.29.csproj", "{59E62F4A-1C9A-4748-B5C3-D769A3C814D8}"
EndProject
Global
	GlobalSection(SolutionConfigurationPlatforms) = preSolution
		Debug|Any CPU = Debug|Any CPU
		Release|Any CPU = Release|Any CPU
	EndGlobalSection
	GlobalSection(ProjectConfigurationPlatforms) = postSolution
		{59E62F4A-1C9A-4748-B5C3-D769A3C814D8}.Debug|Any CPU.ActiveCfg = Debug|Any CPU
		{59E62F4A-1C9A-4748-B5C3-D769A3C814D8}.Debug|Any CPU.Build.0 = Debug|Any CPU
		{59E62F4A-1C9A-4748-B5C3-D769A3C814D8}.Release|Any CPU.ActiveCfg = Release|Any CPU
		{59E62F4A-1C9A-4748-B5C3-D769A3C814D8}.Release|Any CPU.Build.0 = Release|Any CPU
	EndGlobalSection
	GlobalSection(SolutionProperties) = preSolution
		HideSolutionNode = FALSE
	EndGlobalSection
	GlobalSection(ExtensibilityGlobals) = postSolution
		SolutionGuid = {A8779C14-F0BD-40B5-A8BF-47C7672D17B8}
	EndGlobalSection
EndGlobal
