
Microsoft Visual Studio Solution File, Format Version 12.00
# Visual Studio 15
VisualStudioVersion = 15.0.27703.2042
MinimumVisualStudioVersion = 10.0.40219.1
Project("{FAE04EC0-301F-11D3-BF4B-00C04F79EFBC}") = "8.2", "8.2\8.2.csproj", "{AD8E9E1F-6A0E-424A-AE05-BDC562E29830}"
EndProject
Global
	GlobalSection(SolutionConfigurationPlatforms) = preSolution
		Debug|Any CPU = Debug|Any CPU
		Release|Any CPU = Release|Any CPU
	EndGlobalSection
	GlobalSection(ProjectConfigurationPlatforms) = postSolution
		{AD8E9E1F-6A0E-424A-AE05-BDC562E29830}.Debug|Any CPU.ActiveCfg = Debug|Any CPU
		{AD8E9E1F-6A0E-424A-AE05-BDC562E29830}.Debug|Any CPU.Build.0 = Debug|Any CPU
		{AD8E9E1F-6A0E-424A-AE05-BDC562E29830}.Release|Any CPU.ActiveCfg = Release|Any CPU
		{AD8E9E1F-6A0E-424A-AE05-BDC562E29830}.Release|Any CPU.Build.0 = Release|Any CPU
	EndGlobalSection
	GlobalSection(SolutionProperties) = preSolution
		HideSolutionNode = FALSE
	EndGlobalSection
	GlobalSection(ExtensibilityGlobals) = postSolution
		SolutionGuid = {CC5185E9-403B-4511-AD01-D9FC6BBF08ED}
	EndGlobalSection
EndGlobal
