
Microsoft Visual Studio Solution File, Format Version 12.00
# Visual Studio 15
VisualStudioVersion = 15.0.27703.2042
MinimumVisualStudioVersion = 10.0.40219.1
Project("{FAE04EC0-301F-11D3-BF4B-00C04F79EFBC}") = "ArrObjects", "ArrObjects\ArrObjects.csproj", "{EFE1CB8C-F346-46BD-B678-78861B05C0BD}"
EndProject
Global
	GlobalSection(SolutionConfigurationPlatforms) = preSolution
		Debug|Any CPU = Debug|Any CPU
		Release|Any CPU = Release|Any CPU
	EndGlobalSection
	GlobalSection(ProjectConfigurationPlatforms) = postSolution
		{EFE1CB8C-F346-46BD-B678-78861B05C0BD}.Debug|Any CPU.ActiveCfg = Debug|Any CPU
		{EFE1CB8C-F346-46BD-B678-78861B05C0BD}.Debug|Any CPU.Build.0 = Debug|Any CPU
		{EFE1CB8C-F346-46BD-B678-78861B05C0BD}.Release|Any CPU.ActiveCfg = Release|Any CPU
		{EFE1CB8C-F346-46BD-B678-78861B05C0BD}.Release|Any CPU.Build.0 = Release|Any CPU
	EndGlobalSection
	GlobalSection(SolutionProperties) = preSolution
		HideSolutionNode = FALSE
	EndGlobalSection
	GlobalSection(ExtensibilityGlobals) = postSolution
		SolutionGuid = {004A8898-AFBE-423B-9308-931AFFFE1ABD}
	EndGlobalSection
EndGlobal
