
Microsoft Visual Studio Solution File, Format Version 12.00
# Visual Studio 15
VisualStudioVersion = 15.0.27703.2042
MinimumVisualStudioVersion = 10.0.40219.1
Project("{FAE04EC0-301F-11D3-BF4B-00C04F79EFBC}") = "IfElseTests", "IfElseTests\IfElseTests.csproj", "{51EADED3-3A66-43CE-A8CD-35F63AF38BEF}"
EndProject
Global
	GlobalSection(SolutionConfigurationPlatforms) = preSolution
		Debug|Any CPU = Debug|Any CPU
		Release|Any CPU = Release|Any CPU
	EndGlobalSection
	GlobalSection(ProjectConfigurationPlatforms) = postSolution
		{51EADED3-3A66-43CE-A8CD-35F63AF38BEF}.Debug|Any CPU.ActiveCfg = Debug|Any CPU
		{51EADED3-3A66-43CE-A8CD-35F63AF38BEF}.Debug|Any CPU.Build.0 = Debug|Any CPU
		{51EADED3-3A66-43CE-A8CD-35F63AF38BEF}.Release|Any CPU.ActiveCfg = Release|Any CPU
		{51EADED3-3A66-43CE-A8CD-35F63AF38BEF}.Release|Any CPU.Build.0 = Release|Any CPU
	EndGlobalSection
	GlobalSection(SolutionProperties) = preSolution
		HideSolutionNode = FALSE
	EndGlobalSection
	GlobalSection(ExtensibilityGlobals) = postSolution
		SolutionGuid = {6674816D-F77B-4C0C-BCC9-2455A784ED88}
	EndGlobalSection
EndGlobal
