
Microsoft Visual Studio Solution File, Format Version 12.00
# Visual Studio 15
VisualStudioVersion = 15.0.27703.2042
MinimumVisualStudioVersion = 10.0.40219.1
Project("{FAE04EC0-301F-11D3-BF4B-00C04F79EFBC}") = "forms", "forms\forms.csproj", "{B6EFA901-2171-41A3-A095-B8199028B0B9}"
EndProject
Global
	GlobalSection(SolutionConfigurationPlatforms) = preSolution
		Debug|Any CPU = Debug|Any CPU
		Release|Any CPU = Release|Any CPU
	EndGlobalSection
	GlobalSection(ProjectConfigurationPlatforms) = postSolution
		{B6EFA901-2171-41A3-A095-B8199028B0B9}.Debug|Any CPU.ActiveCfg = Debug|Any CPU
		{B6EFA901-2171-41A3-A095-B8199028B0B9}.Debug|Any CPU.Build.0 = Debug|Any CPU
		{B6EFA901-2171-41A3-A095-B8199028B0B9}.Release|Any CPU.ActiveCfg = Release|Any CPU
		{B6EFA901-2171-41A3-A095-B8199028B0B9}.Release|Any CPU.Build.0 = Release|Any CPU
	EndGlobalSection
	GlobalSection(SolutionProperties) = preSolution
		HideSolutionNode = FALSE
	EndGlobalSection
	GlobalSection(ExtensibilityGlobals) = postSolution
		SolutionGuid = {D9E3E9B3-6C14-4406-8431-126C34C7F230}
	EndGlobalSection
EndGlobal
